<?xml version="1.0" encoding="utf-8"?>
<Project ToolsVersion="4.0" xmlns="http://schemas.microsoft.com/developer/msbuild/2003">
  <ItemGroup>
    <Filter Include="Source Files">
      <UniqueIdentifier>{4FC737F1-C7A5-4376-A066-2A32D752A2FF}</UniqueIdentifier>
      <Extensions>cpp;c;cc;cxx;c++;cppm;ixx;def;odl;idl;hpj;bat;asm;asmx</Extensions>
    </Filter>
    <Filter Include="Header Files">
      <UniqueIdentifier>{93995380-89BD-4b04-88EB-625FBE52EBFB}</UniqueIdentifier>
      <Extensions>h;hh;hpp;hxx;h++;hm;inl;inc;ipp;xsd</Extensions>
    </Filter>
    <Filter Include="Resource Files">
      <UniqueIdentifier>{67DA6AB6-F800-4c08-8B7A-83BB121AAD01}</UniqueIdentifier>
      <Extensions>rc;ico;cur;bmp;dlg;rc2;rct;bin;rgs;gif;jpg;jpeg;jpe;resx;tiff;tif;png;wav;mfcribbon-ms</Extensions>
    </Filter>
  </ItemGroup>
  <ItemGroup>
    <ClCompile Include="main.cpp">
      <Filter>Source Files</Filter>
    </ClCompile>
    <ClCompile Include="getknowndlls.cpp">
      <Filter>Source Files</Filter>
    </ClCompile>
    <ClCompile Include="loadintomemory.cpp">
      <Filter>Source Files</Filter>
    </ClCompile>
    <ClCompile Include="printerror.cpp">
      <Filter>Source Files</Filter>
    </ClCompile>
    <ClCompile Include="getarchitecture.cpp">
      <Filter>Source Files</Filter>
    </ClCompile>
    <ClCompile Include="flagtowcs.cpp">
      <Filter>Source Files</Filter>
    </ClCompile>
    <ClCompile Include="initstructures.cpp">
      <Filter>Source Files</Filter>
    </ClCompile>
    <ClCompile Include="ansitowide.cpp">
      <Filter>Source Files</Filter>
    </ClCompile>
    <ClCompile Include="printbanner.cpp">
      <Filter>Source Files</Filter>
    </ClCompile>
    <ClCompile Include="isknowndll.cpp">
      <Filter>Source Files</Filter>
    </ClCompile>
    <ClCompile Include="getnotfound.cpp">
      <Filter>Source Files</Filter>
    </ClCompile>
    <ClCompile Include="recursivesearch.cpp">
      <Filter>Source Files</Filter>
    </ClCompile>
    <ClCompile Include="printverbose.cpp">
      <Filter>Source Files</Filter>
    </ClCompile>
    <ClCompile Include="getimplicitdlls.cpp">
      <Filter>Source Files</Filter>
    </ClCompile>
    <ClCompile Include="argparser.cpp">
      <Filter>Source Files</Filter>
    </ClCompile>
    <ClCompile Include="printhelp.cpp">
      <Filter>Source Files</Filter>
    </ClCompile>
    <ClCompile Include="genreport.cpp">
      <Filter>Source Files</Filter>
    </ClCompile>
    <ClCompile Include="getmanifest.cpp">
      <Filter>Source Files</Filter>
    </ClCompile>
    <ClCompile Include="getexplicitdlls.cpp">
      <Filter>Source Files</Filter>
    </ClCompile>
    <ClCompile Include="hijackingtest.cpp">
      <Filter>Source Files</Filter>
    </ClCompile>
    <ClCompile Include="isapiset.cpp">
      <Filter>Source Files</Filter>
    </ClCompile>
  </ItemGroup>
  <ItemGroup>
    <ClInclude Include="adll.h">
      <Filter>Header Files</Filter>
    </ClInclude>
  </ItemGroup>
</Project>