
Microsoft Visual Studio Solution File, Format Version 12.00
# Visual Studio Version 16
VisualStudioVersion = 16.0.29613.14
MinimumVisualStudioVersion = 10.0.40219.1
Project("{FAE04EC0-301F-11D3-BF4B-00C04F79EFBC}") = "arch", "arch.csproj", "{0EB54FF6-D608-4DD3-98BB-9AD77EDA442A}"
EndProject
Global
	GlobalSection(SolutionConfigurationPlatforms) = preSolution
		Debug|Any CPU = Debug|Any CPU
		Release|Any CPU = Release|Any CPU
	EndGlobalSection
	GlobalSection(ProjectConfigurationPlatforms) = postSolution
		{0EB54FF6-D608-4DD3-98BB-9AD77EDA442A}.Debug|Any CPU.ActiveCfg = Debug|Any CPU
		{0EB54FF6-D608-4DD3-98BB-9AD77EDA442A}.Debug|Any CPU.Build.0 = Debug|Any CPU
		{0EB54FF6-D608-4DD3-98BB-9AD77EDA442A}.Release|Any CPU.ActiveCfg = Release|Any CPU
		{0EB54FF6-D608-4DD3-98BB-9AD77EDA442A}.Release|Any CPU.Build.0 = Release|Any CPU
	EndGlobalSection
	GlobalSection(SolutionProperties) = preSolution
		HideSolutionNode = FALSE
	EndGlobalSection
	GlobalSection(ExtensibilityGlobals) = postSolution
		SolutionGuid = {810E9585-07F1-4555-B332-F7B0A2ABC956}
	EndGlobalSection
EndGlobal
